
Microsoft Visual Studio Solution File, Format Version 11.00
# Visual Studio 2010
Project("{FAE04EC0-301F-11D3-BF4B-00C04F79EFBC}") = "Aqueduct.SitecoreLib", "Aqueduct.SitecoreLib\Aqueduct.SitecoreLib.csproj", "{13897D69-8FE0-402A-BDEB-C2E1CA40722F}"
EndProject
Project("{FAE04EC0-301F-11D3-BF4B-00C04F79EFBC}") = "Aqueduct", "Aqueduct\Aqueduct.csproj", "{A7D9994E-75BD-4B10-8D11-7DDBE320AE8D}"
EndProject
Project("{FAE04EC0-301F-11D3-BF4B-00C04F79EFBC}") = "Aqueduct.SitecoreLib.Tests", "Aqueduct.SitecoreLib.Tests\Aqueduct.SitecoreLib.Tests.csproj", "{B1895A11-AA7D-443A-80E0-DCF9A5ED592F}"
EndProject
Project("{2150E333-8FDC-42A3-9474-1A3956D46DE8}") = "UnitTests", "UnitTests", "{8C62118A-589B-43CA-9A97-5F8B15DDBA64}"
EndProject
Project("{FAE04EC0-301F-11D3-BF4B-00C04F79EFBC}") = "Aqueduct.SitecoreLib.IntegrationTests", "Aqueduct.SitecoreLib.IntegrationTests\Aqueduct.SitecoreLib.IntegrationTests.csproj", "{094CAFFE-2F55-4052-9872-B9291938E117}"
EndProject
Global
	GlobalSection(SolutionConfigurationPlatforms) = preSolution
		Debug|Any CPU = Debug|Any CPU
		Release|Any CPU = Release|Any CPU
		Test|Any CPU = Test|Any CPU
	EndGlobalSection
	GlobalSection(ProjectConfigurationPlatforms) = postSolution
		{13897D69-8FE0-402A-BDEB-C2E1CA40722F}.Debug|Any CPU.ActiveCfg = Debug|Any CPU
		{13897D69-8FE0-402A-BDEB-C2E1CA40722F}.Debug|Any CPU.Build.0 = Debug|Any CPU
		{13897D69-8FE0-402A-BDEB-C2E1CA40722F}.Release|Any CPU.ActiveCfg = Release|Any CPU
		{13897D69-8FE0-402A-BDEB-C2E1CA40722F}.Release|Any CPU.Build.0 = Release|Any CPU
		{13897D69-8FE0-402A-BDEB-C2E1CA40722F}.Test|Any CPU.ActiveCfg = Test|Any CPU
		{13897D69-8FE0-402A-BDEB-C2E1CA40722F}.Test|Any CPU.Build.0 = Test|Any CPU
		{A7D9994E-75BD-4B10-8D11-7DDBE320AE8D}.Debug|Any CPU.ActiveCfg = Debug|Any CPU
		{A7D9994E-75BD-4B10-8D11-7DDBE320AE8D}.Debug|Any CPU.Build.0 = Debug|Any CPU
		{A7D9994E-75BD-4B10-8D11-7DDBE320AE8D}.Release|Any CPU.ActiveCfg = Release|Any CPU
		{A7D9994E-75BD-4B10-8D11-7DDBE320AE8D}.Release|Any CPU.Build.0 = Release|Any CPU
		{A7D9994E-75BD-4B10-8D11-7DDBE320AE8D}.Test|Any CPU.ActiveCfg = Release|Any CPU
		{A7D9994E-75BD-4B10-8D11-7DDBE320AE8D}.Test|Any CPU.Build.0 = Release|Any CPU
		{B1895A11-AA7D-443A-80E0-DCF9A5ED592F}.Debug|Any CPU.ActiveCfg = Debug|Any CPU
		{B1895A11-AA7D-443A-80E0-DCF9A5ED592F}.Debug|Any CPU.Build.0 = Debug|Any CPU
		{B1895A11-AA7D-443A-80E0-DCF9A5ED592F}.Release|Any CPU.ActiveCfg = Release|Any CPU
		{B1895A11-AA7D-443A-80E0-DCF9A5ED592F}.Release|Any CPU.Build.0 = Release|Any CPU
		{B1895A11-AA7D-443A-80E0-DCF9A5ED592F}.Test|Any CPU.ActiveCfg = Release|Any CPU
		{B1895A11-AA7D-443A-80E0-DCF9A5ED592F}.Test|Any CPU.Build.0 = Release|Any CPU
		{094CAFFE-2F55-4052-9872-B9291938E117}.Debug|Any CPU.ActiveCfg = Debug|Any CPU
		{094CAFFE-2F55-4052-9872-B9291938E117}.Debug|Any CPU.Build.0 = Debug|Any CPU
		{094CAFFE-2F55-4052-9872-B9291938E117}.Release|Any CPU.ActiveCfg = Release|Any CPU
		{094CAFFE-2F55-4052-9872-B9291938E117}.Release|Any CPU.Build.0 = Release|Any CPU
		{094CAFFE-2F55-4052-9872-B9291938E117}.Test|Any CPU.ActiveCfg = Release|Any CPU
		{094CAFFE-2F55-4052-9872-B9291938E117}.Test|Any CPU.Build.0 = Release|Any CPU
	EndGlobalSection
	GlobalSection(SolutionProperties) = preSolution
		HideSolutionNode = FALSE
	EndGlobalSection
	GlobalSection(NestedProjects) = preSolution
		{B1895A11-AA7D-443A-80E0-DCF9A5ED592F} = {8C62118A-589B-43CA-9A97-5F8B15DDBA64}
		{094CAFFE-2F55-4052-9872-B9291938E117} = {8C62118A-589B-43CA-9A97-5F8B15DDBA64}
	EndGlobalSection
EndGlobal
